
Microsoft Visual Studio Solution File, Format Version 12.00
# Visual Studio 14
VisualStudioVersion = 14.0.25123.0
MinimumVisualStudioVersion = 10.0.40219.1
Project("{FAE04EC0-301F-11D3-BF4B-00C04F79EFBC}") = "PersistedDocDemo.Data", "PersistedDocDemo.Data\PersistedDocDemo.Data.csproj", "{BE282699-855D-4F4E-81F0-A65B0351A267}"
EndProject
Project("{FAE04EC0-301F-11D3-BF4B-00C04F79EFBC}") = "PersistedDocDemo.IntegrationTests", "PersistedDocDemo.IntegrationTests\PersistedDocDemo.IntegrationTests.csproj", "{976F89C8-885B-44CA-894D-FB4086158D56}"
EndProject
Project("{2150E333-8FDC-42A3-9474-1A3956D46DE8}") = "info", "info", "{9D09E85C-7FE9-446B-8B28-7BE1D0B892D8}"
	ProjectSection(SolutionItems) = preProject
		.gitignore = .gitignore
		README.md = README.md
		Todo.md = Todo.md
	EndProjectSection
EndProject
Project("{00D1A9C2-B5F0-4AF3-8072-F6C62B433612}") = "PersistedDocDemo.IntegrationTests.SqlServer", "PersistedDocDemo.IntegrationTests.SqlServer\PersistedDocDemo.IntegrationTests.SqlServer.sqlproj", "{981871B2-4FE7-4E8B-80CA-35D349CA07AE}"
EndProject
Global
	GlobalSection(SolutionConfigurationPlatforms) = preSolution
		Debug|Any CPU = Debug|Any CPU
		Release|Any CPU = Release|Any CPU
	EndGlobalSection
	GlobalSection(ProjectConfigurationPlatforms) = postSolution
		{BE282699-855D-4F4E-81F0-A65B0351A267}.Debug|Any CPU.ActiveCfg = Debug|Any CPU
		{BE282699-855D-4F4E-81F0-A65B0351A267}.Debug|Any CPU.Build.0 = Debug|Any CPU
		{BE282699-855D-4F4E-81F0-A65B0351A267}.Release|Any CPU.ActiveCfg = Release|Any CPU
		{BE282699-855D-4F4E-81F0-A65B0351A267}.Release|Any CPU.Build.0 = Release|Any CPU
		{976F89C8-885B-44CA-894D-FB4086158D56}.Debug|Any CPU.ActiveCfg = Debug|Any CPU
		{976F89C8-885B-44CA-894D-FB4086158D56}.Debug|Any CPU.Build.0 = Debug|Any CPU
		{976F89C8-885B-44CA-894D-FB4086158D56}.Release|Any CPU.ActiveCfg = Release|Any CPU
		{976F89C8-885B-44CA-894D-FB4086158D56}.Release|Any CPU.Build.0 = Release|Any CPU
		{981871B2-4FE7-4E8B-80CA-35D349CA07AE}.Debug|Any CPU.ActiveCfg = Debug|Any CPU
		{981871B2-4FE7-4E8B-80CA-35D349CA07AE}.Debug|Any CPU.Build.0 = Debug|Any CPU
		{981871B2-4FE7-4E8B-80CA-35D349CA07AE}.Debug|Any CPU.Deploy.0 = Debug|Any CPU
		{981871B2-4FE7-4E8B-80CA-35D349CA07AE}.Release|Any CPU.ActiveCfg = Release|Any CPU
		{981871B2-4FE7-4E8B-80CA-35D349CA07AE}.Release|Any CPU.Build.0 = Release|Any CPU
		{981871B2-4FE7-4E8B-80CA-35D349CA07AE}.Release|Any CPU.Deploy.0 = Release|Any CPU
	EndGlobalSection
	GlobalSection(SolutionProperties) = preSolution
		HideSolutionNode = FALSE
	EndGlobalSection
EndGlobal
